// !$*UTF8*$!
{
	archiveVersion = 1;
	classes = {
	};
	objectVersion = 56;
	objects = {

/* Begin PBXBuildFile section */
		A5E0FB152ADD841300A00B14 /* AppDelegate.swift in Sources */ = {isa = PBXBuildFile; fileRef = A5E0FB142ADD841300A00B14 /* AppDelegate.swift */; };
		A5E0FB172ADD841300A00B14 /* SceneDelegate.swift in Sources */ = {isa = PBXBuildFile; fileRef = A5E0FB162ADD841300A00B14 /* SceneDelegate.swift */; };
		A5E0FB192ADD841300A00B14 /* OutlineViewController.swift in Sources */ = {isa = PBXBuildFile; fileRef = A5E0FB182ADD841300A00B14 /* OutlineViewController.swift */; };
		A5E0FB1C2ADD841300A00B14 /* Main.storyboard in Resources */ = {isa = PBXBuildFile; fileRef = A5E0FB1A2ADD841300A00B14 /* Main.storyboard */; };
		A5E0FB1E2ADD841400A00B14 /* Assets.xcassets in Resources */ = {isa = PBXBuildFile; fileRef = A5E0FB1D2ADD841400A00B14 /* Assets.xcassets */; };
		A5E0FB212ADD841400A00B14 /* LaunchScreen.storyboard in Resources */ = {isa = PBXBuildFile; fileRef = A5E0FB1F2ADD841400A00B14 /* LaunchScreen.storyboard */; };
		A5E0FB292AE3B81E00A00B14 /* GridViewController.swift in Sources */ = {isa = PBXBuildFile; fileRef = A5E0FB282AE3B81E00A00B14 /* GridViewController.swift */; };
		A5E0FB302AE3CEC000A00B14 /* TextCell.swift in Sources */ = {isa = PBXBuildFile; fileRef = A5E0FB2F2AE3CEC000A00B14 /* TextCell.swift */; };
		A5E0FB332AE3CF1A00A00B14 /* PinLayout in Frameworks */ = {isa = PBXBuildFile; productRef = A5E0FB322AE3CF1A00A00B14 /* PinLayout */; };
		A5E0FB352AE3D9F700A00B14 /* InsetItemsGridViewController.swift in Sources */ = {isa = PBXBuildFile; fileRef = A5E0FB342AE3D9F700A00B14 /* InsetItemsGridViewController.swift */; };
		A5E0FB372AE4ED8100A00B14 /* TwoColumnViewController.swift in Sources */ = {isa = PBXBuildFile; fileRef = A5E0FB362AE4ED8100A00B14 /* TwoColumnViewController.swift */; };
		A5E0FB392AE4F89C00A00B14 /* DistinctSectionsViewController.swift in Sources */ = {isa = PBXBuildFile; fileRef = A5E0FB382AE4F89C00A00B14 /* DistinctSectionsViewController.swift */; };
		A5E0FB3B2AE5044100A00B14 /* ListCell.swift in Sources */ = {isa = PBXBuildFile; fileRef = A5E0FB3A2AE5044100A00B14 /* ListCell.swift */; };
/* End PBXBuildFile section */

/* Begin PBXFileReference section */
		A5E0FB112ADD841300A00B14 /* ModernCollectionViews.app */ = {isa = PBXFileReference; explicitFileType = wrapper.application; includeInIndex = 0; path = ModernCollectionViews.app; sourceTree = BUILT_PRODUCTS_DIR; };
		A5E0FB142ADD841300A00B14 /* AppDelegate.swift */ = {isa = PBXFileReference; lastKnownFileType = sourcecode.swift; path = AppDelegate.swift; sourceTree = "<group>"; };
		A5E0FB162ADD841300A00B14 /* SceneDelegate.swift */ = {isa = PBXFileReference; lastKnownFileType = sourcecode.swift; path = SceneDelegate.swift; sourceTree = "<group>"; };
		A5E0FB182ADD841300A00B14 /* OutlineViewController.swift */ = {isa = PBXFileReference; lastKnownFileType = sourcecode.swift; path = OutlineViewController.swift; sourceTree = "<group>"; };
		A5E0FB1B2ADD841300A00B14 /* Base */ = {isa = PBXFileReference; lastKnownFileType = file.storyboard; name = Base; path = Base.lproj/Main.storyboard; sourceTree = "<group>"; };
		A5E0FB1D2ADD841400A00B14 /* Assets.xcassets */ = {isa = PBXFileReference; lastKnownFileType = folder.assetcatalog; path = Assets.xcassets; sourceTree = "<group>"; };
		A5E0FB202ADD841400A00B14 /* Base */ = {isa = PBXFileReference; lastKnownFileType = file.storyboard; name = Base; path = Base.lproj/LaunchScreen.storyboard; sourceTree = "<group>"; };
		A5E0FB222ADD841400A00B14 /* Info.plist */ = {isa = PBXFileReference; lastKnownFileType = text.plist.xml; path = Info.plist; sourceTree = "<group>"; };
		A5E0FB282AE3B81E00A00B14 /* GridViewController.swift */ = {isa = PBXFileReference; lastKnownFileType = sourcecode.swift; path = GridViewController.swift; sourceTree = "<group>"; };
		A5E0FB2F2AE3CEC000A00B14 /* TextCell.swift */ = {isa = PBXFileReference; lastKnownFileType = sourcecode.swift; path = TextCell.swift; sourceTree = "<group>"; };
		A5E0FB342AE3D9F700A00B14 /* InsetItemsGridViewController.swift */ = {isa = PBXFileReference; lastKnownFileType = sourcecode.swift; path = InsetItemsGridViewController.swift; sourceTree = "<group>"; };
		A5E0FB362AE4ED8100A00B14 /* TwoColumnViewController.swift */ = {isa = PBXFileReference; lastKnownFileType = sourcecode.swift; path = TwoColumnViewController.swift; sourceTree = "<group>"; };
		A5E0FB382AE4F89C00A00B14 /* DistinctSectionsViewController.swift */ = {isa = PBXFileReference; lastKnownFileType = sourcecode.swift; path = DistinctSectionsViewController.swift; sourceTree = "<group>"; };
		A5E0FB3A2AE5044100A00B14 /* ListCell.swift */ = {isa = PBXFileReference; lastKnownFileType = sourcecode.swift; path = ListCell.swift; sourceTree = "<group>"; };
/* End PBXFileReference section */

/* Begin PBXFrameworksBuildPhase section */
		A5E0FB0E2ADD841300A00B14 /* Frameworks */ = {
			isa = PBXFrameworksBuildPhase;
			buildActionMask = 2147483647;
			files = (
				A5E0FB332AE3CF1A00A00B14 /* PinLayout in Frameworks */,
			);
			runOnlyForDeploymentPostprocessing = 0;
		};
/* End PBXFrameworksBuildPhase section */

/* Begin PBXGroup section */
		A5E0FB082ADD841300A00B14 = {
			isa = PBXGroup;
			children = (
				A5E0FB132ADD841300A00B14 /* ModernCollectionViews */,
				A5E0FB122ADD841300A00B14 /* Products */,
			);
			sourceTree = "<group>";
		};
		A5E0FB122ADD841300A00B14 /* Products */ = {
			isa = PBXGroup;
			children = (
				A5E0FB112ADD841300A00B14 /* ModernCollectionViews.app */,
			);
			name = Products;
			sourceTree = "<group>";
		};
		A5E0FB132ADD841300A00B14 /* ModernCollectionViews */ = {
			isa = PBXGroup;
			children = (
				A5E0FB2C2AE3CE4900A00B14 /* Compositional Layout */,
				A5E0FB142ADD841300A00B14 /* AppDelegate.swift */,
				A5E0FB162ADD841300A00B14 /* SceneDelegate.swift */,
				A5E0FB182ADD841300A00B14 /* OutlineViewController.swift */,
				A5E0FB1A2ADD841300A00B14 /* Main.storyboard */,
				A5E0FB1D2ADD841400A00B14 /* Assets.xcassets */,
				A5E0FB1F2ADD841400A00B14 /* LaunchScreen.storyboard */,
				A5E0FB222ADD841400A00B14 /* Info.plist */,
			);
			path = ModernCollectionViews;
			sourceTree = "<group>";
		};
		A5E0FB2C2AE3CE4900A00B14 /* Compositional Layout */ = {
			isa = PBXGroup;
			children = (
				A5E0FB2D2AE3CE5E00A00B14 /* Basics View Controllers */,
				A5E0FB2E2AE3CE9200A00B14 /* Cells and Supplementary Views */,
			);
			path = "Compositional Layout";
			sourceTree = "<group>";
		};
		A5E0FB2D2AE3CE5E00A00B14 /* Basics View Controllers */ = {
			isa = PBXGroup;
			children = (
				A5E0FB282AE3B81E00A00B14 /* GridViewController.swift */,
				A5E0FB342AE3D9F700A00B14 /* InsetItemsGridViewController.swift */,
				A5E0FB362AE4ED8100A00B14 /* TwoColumnViewController.swift */,
				A5E0FB382AE4F89C00A00B14 /* DistinctSectionsViewController.swift */,
			);
			path = "Basics View Controllers";
			sourceTree = "<group>";
		};
		A5E0FB2E2AE3CE9200A00B14 /* Cells and Supplementary Views */ = {
			isa = PBXGroup;
			children = (
				A5E0FB2F2AE3CEC000A00B14 /* TextCell.swift */,
				A5E0FB3A2AE5044100A00B14 /* ListCell.swift */,
			);
			path = "Cells and Supplementary Views";
			sourceTree = "<group>";
		};
/* End PBXGroup section */

/* Begin PBXNativeTarget section */
		A5E0FB102ADD841300A00B14 /* ModernCollectionViews */ = {
			isa = PBXNativeTarget;
			buildConfigurationList = A5E0FB252ADD841400A00B14 /* Build configuration list for PBXNativeTarget "ModernCollectionViews" */;
			buildPhases = (
				A5E0FB0D2ADD841300A00B14 /* Sources */,
				A5E0FB0E2ADD841300A00B14 /* Frameworks */,
				A5E0FB0F2ADD841300A00B14 /* Resources */,
			);
			buildRules = (
			);
			dependencies = (
			);
			name = ModernCollectionViews;
			packageProductDependencies = (
				A5E0FB322AE3CF1A00A00B14 /* PinLayout */,
			);
			productName = ModernCollectionViews;
			productReference = A5E0FB112ADD841300A00B14 /* ModernCollectionViews.app */;
			productType = "com.apple.product-type.application";
		};
/* End PBXNativeTarget section */

/* Begin PBXProject section */
		A5E0FB092ADD841300A00B14 /* Project object */ = {
			isa = PBXProject;
			attributes = {
				BuildIndependentTargetsInParallel = 1;
				LastSwiftUpdateCheck = 1430;
				LastUpgradeCheck = 1430;
				TargetAttributes = {
					A5E0FB102ADD841300A00B14 = {
						CreatedOnToolsVersion = 14.3.1;
					};
				};
			};
			buildConfigurationList = A5E0FB0C2ADD841300A00B14 /* Build configuration list for PBXProject "ModernCollectionViews" */;
			compatibilityVersion = "Xcode 14.0";
			developmentRegion = en;
			hasScannedForEncodings = 0;
			knownRegions = (
				en,
				Base,
			);
			mainGroup = A5E0FB082ADD841300A00B14;
			packageReferences = (
				A5E0FB312AE3CF1A00A00B14 /* XCRemoteSwiftPackageReference "PinLayout" */,
			);
			productRefGroup = A5E0FB122ADD841300A00B14 /* Products */;
			projectDirPath = "";
			projectRoot = "";
			targets = (
				A5E0FB102ADD841300A00B14 /* ModernCollectionViews */,
			);
		};
/* End PBXProject section */

/* Begin PBXResourcesBuildPhase section */
		A5E0FB0F2ADD841300A00B14 /* Resources */ = {
			isa = PBXResourcesBuildPhase;
			buildActionMask = 2147483647;
			files = (
				A5E0FB212ADD841400A00B14 /* LaunchScreen.storyboard in Resources */,
				A5E0FB1E2ADD841400A00B14 /* Assets.xcassets in Resources */,
				A5E0FB1C2ADD841300A00B14 /* Main.storyboard in Resources */,
			);
			runOnlyForDeploymentPostprocessing = 0;
		};
/* End PBXResourcesBuildPhase section */

/* Begin PBXSourcesBuildPhase section */
		A5E0FB0D2ADD841300A00B14 /* Sources */ = {
			isa = PBXSourcesBuildPhase;
			buildActionMask = 2147483647;
			files = (
				A5E0FB392AE4F89C00A00B14 /* DistinctSectionsViewController.swift in Sources */,
				A5E0FB302AE3CEC000A00B14 /* TextCell.swift in Sources */,
				A5E0FB292AE3B81E00A00B14 /* GridViewController.swift in Sources */,
				A5E0FB192ADD841300A00B14 /* OutlineViewController.swift in Sources */,
				A5E0FB152ADD841300A00B14 /* AppDelegate.swift in Sources */,
				A5E0FB172ADD841300A00B14 /* SceneDelegate.swift in Sources */,
				A5E0FB3B2AE5044100A00B14 /* ListCell.swift in Sources */,
				A5E0FB372AE4ED8100A00B14 /* TwoColumnViewController.swift in Sources */,
				A5E0FB352AE3D9F700A00B14 /* InsetItemsGridViewController.swift in Sources */,
			);
			runOnlyForDeploymentPostprocessing = 0;
		};
/* End PBXSourcesBuildPhase section */

/* Begin PBXVariantGroup section */
		A5E0FB1A2ADD841300A00B14 /* Main.storyboard */ = {
			isa = PBXVariantGroup;
			children = (
				A5E0FB1B2ADD841300A00B14 /* Base */,
			);
			name = Main.storyboard;
			sourceTree = "<group>";
		};
		A5E0FB1F2ADD841400A00B14 /* LaunchScreen.storyboard */ = {
			isa = PBXVariantGroup;
			children = (
				A5E0FB202ADD841400A00B14 /* Base */,
			);
			name = LaunchScreen.storyboard;
			sourceTree = "<group>";
		};
/* End PBXVariantGroup section */

/* Begin XCBuildConfiguration section */
		A5E0FB232ADD841400A00B14 /* Debug */ = {
			isa = XCBuildConfiguration;
			buildSettings = {
				ALWAYS_SEARCH_USER_PATHS = NO;
				CLANG_ANALYZER_NONNULL = YES;
				CLANG_ANALYZER_NUMBER_OBJECT_CONVERSION = YES_AGGRESSIVE;
				CLANG_CXX_LANGUAGE_STANDARD = "gnu++20";
				CLANG_ENABLE_MODULES = YES;
				CLANG_ENABLE_OBJC_ARC = YES;
				CLANG_ENABLE_OBJC_WEAK = YES;
				CLANG_WARN_BLOCK_CAPTURE_AUTORELEASING = YES;
				CLANG_WARN_BOOL_CONVERSION = YES;
				CLANG_WARN_COMMA = YES;
				CLANG_WARN_CONSTANT_CONVERSION = YES;
				CLANG_WARN_DEPRECATED_OBJC_IMPLEMENTATIONS = YES;
				CLANG_WARN_DIRECT_OBJC_ISA_USAGE = YES_ERROR;
				CLANG_WARN_DOCUMENTATION_COMMENTS = YES;
				CLANG_WARN_EMPTY_BODY = YES;
				CLANG_WARN_ENUM_CONVERSION = YES;
				CLANG_WARN_INFINITE_RECURSION = YES;
				CLANG_WARN_INT_CONVERSION = YES;
				CLANG_WARN_NON_LITERAL_NULL_CONVERSION = YES;
				CLANG_WARN_OBJC_IMPLICIT_RETAIN_SELF = YES;
				CLANG_WARN_OBJC_LITERAL_CONVERSION = YES;
				CLANG_WARN_OBJC_ROOT_CLASS = YES_ERROR;
				CLANG_WARN_QUOTED_INCLUDE_IN_FRAMEWORK_HEADER = YES;
				CLANG_WARN_RANGE_LOOP_ANALYSIS = YES;
				CLANG_WARN_STRICT_PROTOTYPES = YES;
				CLANG_WARN_SUSPICIOUS_MOVE = YES;
				CLANG_WARN_UNGUARDED_AVAILABILITY = YES_AGGRESSIVE;
				CLANG_WARN_UNREACHABLE_CODE = YES;
				CLANG_WARN__DUPLICATE_METHOD_MATCH = YES;
				COPY_PHASE_STRIP = NO;
				DEBUG_INFORMATION_FORMAT = dwarf;
				ENABLE_STRICT_OBJC_MSGSEND = YES;
				ENABLE_TESTABILITY = YES;
				GCC_C_LANGUAGE_STANDARD = gnu11;
				GCC_DYNAMIC_NO_PIC = NO;
				GCC_NO_COMMON_BLOCKS = YES;
				GCC_OPTIMIZATION_LEVEL = 0;
				GCC_PREPROCESSOR_DEFINITIONS = (
					"DEBUG=1",
					"$(inherited)",
				);
				GCC_WARN_64_TO_32_BIT_CONVERSION = YES;
				GCC_WARN_ABOUT_RETURN_TYPE = YES_ERROR;
				GCC_WARN_UNDECLARED_SELECTOR = YES;
				GCC_WARN_UNINITIALIZED_AUTOS = YES_AGGRESSIVE;
				GCC_WARN_UNUSED_FUNCTION = YES;
				GCC_WARN_UNUSED_VARIABLE = YES;
				IPHONEOS_DEPLOYMENT_TARGET = 16.4;
				MTL_ENABLE_DEBUG_INFO = INCLUDE_SOURCE;
				MTL_FAST_MATH = YES;
				ONLY_ACTIVE_ARCH = YES;
				SDKROOT = iphoneos;
				SWIFT_ACTIVE_COMPILATION_CONDITIONS = DEBUG;
				SWIFT_OPTIMIZATION_LEVEL = "-Onone";
			};
			name = Debug;
		};
		A5E0FB242ADD841400A00B14 /* Release */ = {
			isa = XCBuildConfiguration;
			buildSettings = {
				ALWAYS_SEARCH_USER_PATHS = NO;
				CLANG_ANALYZER_NONNULL = YES;
				CLANG_ANALYZER_NUMBER_OBJECT_CONVERSION = YES_AGGRESSIVE;
				CLANG_CXX_LANGUAGE_STANDARD = "gnu++20";
				CLANG_ENABLE_MODULES = YES;
				CLANG_ENABLE_OBJC_ARC = YES;
				CLANG_ENABLE_OBJC_WEAK = YES;
				CLANG_WARN_BLOCK_CAPTURE_AUTORELEASING = YES;
				CLANG_WARN_BOOL_CONVERSION = YES;
				CLANG_WARN_COMMA = YES;
				CLANG_WARN_CONSTANT_CONVERSION = YES;
				CLANG_WARN_DEPRECATED_OBJC_IMPLEMENTATIONS = YES;
				CLANG_WARN_DIRECT_OBJC_ISA_USAGE = YES_ERROR;
				CLANG_WARN_DOCUMENTATION_COMMENTS = YES;
				CLANG_WARN_EMPTY_BODY = YES;
				CLANG_WARN_ENUM_CONVERSION = YES;
				CLANG_WARN_INFINITE_RECURSION = YES;
				CLANG_WARN_INT_CONVERSION = YES;
				CLANG_WARN_NON_LITERAL_NULL_CONVERSION = YES;
				CLANG_WARN_OBJC_IMPLICIT_RETAIN_SELF = YES;
				CLANG_WARN_OBJC_LITERAL_CONVERSION = YES;
				CLANG_WARN_OBJC_ROOT_CLASS = YES_ERROR;
				CLANG_WARN_QUOTED_INCLUDE_IN_FRAMEWORK_HEADER = YES;
				CLANG_WARN_RANGE_LOOP_ANALYSIS = YES;
				CLANG_WARN_STRICT_PROTOTYPES = YES;
				CLANG_WARN_SUSPICIOUS_MOVE = YES;
				CLANG_WARN_UNGUARDED_AVAILABILITY = YES_AGGRESSIVE;
				CLANG_WARN_UNREACHABLE_CODE = YES;
				CLANG_WARN__DUPLICATE_METHOD_MATCH = YES;
				COPY_PHASE_STRIP = NO;
				DEBUG_INFORMATION_FORMAT = "dwarf-with-dsym";
				ENABLE_NS_ASSERTIONS = NO;
				ENABLE_STRICT_OBJC_MSGSEND = YES;
				GCC_C_LANGUAGE_STANDARD = gnu11;
				GCC_NO_COMMON_BLOCKS = YES;
				GCC_WARN_64_TO_32_BIT_CONVERSION = YES;
				GCC_WARN_ABOUT_RETURN_TYPE = YES_ERROR;
				GCC_WARN_UNDECLARED_SELECTOR = YES;
				GCC_WARN_UNINITIALIZED_AUTOS = YES_AGGRESSIVE;
				GCC_WARN_UNUSED_FUNCTION = YES;
				GCC_WARN_UNUSED_VARIABLE = YES;
				IPHONEOS_DEPLOYMENT_TARGET = 16.4;
				MTL_ENABLE_DEBUG_INFO = NO;
				MTL_FAST_MATH = YES;
				SDKROOT = iphoneos;
				SWIFT_COMPILATION_MODE = wholemodule;
				SWIFT_OPTIMIZATION_LEVEL = "-O";
				VALIDATE_PRODUCT = YES;
			};
			name = Release;
		};
		A5E0FB262ADD841400A00B14 /* Debug */ = {
			isa = XCBuildConfiguration;
			buildSettings = {
				ASSETCATALOG_COMPILER_APPICON_NAME = AppIcon;
				ASSETCATALOG_COMPILER_GLOBAL_ACCENT_COLOR_NAME = AccentColor;
				CODE_SIGN_STYLE = Automatic;
				CURRENT_PROJECT_VERSION = 1;
				DEVELOPMENT_TEAM = RYNT79DTV4;
				GENERATE_INFOPLIST_FILE = YES;
				INFOPLIST_FILE = ModernCollectionViews/Info.plist;
				INFOPLIST_KEY_UIApplicationSupportsIndirectInputEvents = YES;
				INFOPLIST_KEY_UILaunchStoryboardName = LaunchScreen;
				INFOPLIST_KEY_UIMainStoryboardFile = Main;
				INFOPLIST_KEY_UISupportedInterfaceOrientations_iPad = "UIInterfaceOrientationPortrait UIInterfaceOrientationPortraitUpsideDown UIInterfaceOrientationLandscapeLeft UIInterfaceOrientationLandscapeRight";
				INFOPLIST_KEY_UISupportedInterfaceOrientations_iPhone = "UIInterfaceOrientationPortrait UIInterfaceOrientationLandscapeLeft UIInterfaceOrientationLandscapeRight";
				LD_RUNPATH_SEARCH_PATHS = (
					"$(inherited)",
					"@executable_path/Frameworks",
				);
				MARKETING_VERSION = 1.0;
				PRODUCT_BUNDLE_IDENTIFIER = com.gmail.tibita0811.ModernCollectionViews;
				PRODUCT_NAME = "$(TARGET_NAME)";
				SWIFT_EMIT_LOC_STRINGS = YES;
				SWIFT_VERSION = 5.0;
				TARGETED_DEVICE_FAMILY = "1,2";
			};
			name = Debug;
		};
		A5E0FB272ADD841400A00B14 /* Release */ = {
			isa = XCBuildConfiguration;
			buildSettings = {
				ASSETCATALOG_COMPILER_APPICON_NAME = AppIcon;
				ASSETCATALOG_COMPILER_GLOBAL_ACCENT_COLOR_NAME = AccentColor;
				CODE_SIGN_STYLE = Automatic;
				CURRENT_PROJECT_VERSION = 1;
				DEVELOPMENT_TEAM = RYNT79DTV4;
				GENERATE_INFOPLIST_FILE = YES;
				INFOPLIST_FILE = ModernCollectionViews/Info.plist;
				INFOPLIST_KEY_UIApplicationSupportsIndirectInputEvents = YES;
				INFOPLIST_KEY_UILaunchStoryboardName = LaunchScreen;
				INFOPLIST_KEY_UIMainStoryboardFile = Main;
				INFOPLIST_KEY_UISupportedInterfaceOrientations_iPad = "UIInterfaceOrientationPortrait UIInterfaceOrientationPortraitUpsideDown UIInterfaceOrientationLandscapeLeft UIInterfaceOrientationLandscapeRight";
				INFOPLIST_KEY_UISupportedInterfaceOrientations_iPhone = "UIInterfaceOrientationPortrait UIInterfaceOrientationLandscapeLeft UIInterfaceOrientationLandscapeRight";
				LD_RUNPATH_SEARCH_PATHS = (
					"$(inherited)",
					"@executable_path/Frameworks",
				);
				MARKETING_VERSION = 1.0;
				PRODUCT_BUNDLE_IDENTIFIER = com.gmail.tibita0811.ModernCollectionViews;
				PRODUCT_NAME = "$(TARGET_NAME)";
				SWIFT_EMIT_LOC_STRINGS = YES;
				SWIFT_VERSION = 5.0;
				TARGETED_DEVICE_FAMILY = "1,2";
			};
			name = Release;
		};
/* End XCBuildConfiguration section */

/* Begin XCConfigurationList section */
		A5E0FB0C2ADD841300A00B14 /* Build configuration list for PBXProject "ModernCollectionViews" */ = {
			isa = XCConfigurationList;
			buildConfigurations = (
				A5E0FB232ADD841400A00B14 /* Debug */,
				A5E0FB242ADD841400A00B14 /* Release */,
			);
			defaultConfigurationIsVisible = 0;
			defaultConfigurationName = Release;
		};
		A5E0FB252ADD841400A00B14 /* Build configuration list for PBXNativeTarget "ModernCollectionViews" */ = {
			isa = XCConfigurationList;
			buildConfigurations = (
				A5E0FB262ADD841400A00B14 /* Debug */,
				A5E0FB272ADD841400A00B14 /* Release */,
			);
			defaultConfigurationIsVisible = 0;
			defaultConfigurationName = Release;
		};
/* End XCConfigurationList section */

/* Begin XCRemoteSwiftPackageReference section */
		A5E0FB312AE3CF1A00A00B14 /* XCRemoteSwiftPackageReference "PinLayout" */ = {
			isa = XCRemoteSwiftPackageReference;
			repositoryURL = "https://github.com/layoutBox/PinLayout";
			requirement = {
				kind = upToNextMajorVersion;
				minimumVersion = 1.0.0;
			};
		};
/* End XCRemoteSwiftPackageReference section */

/* Begin XCSwiftPackageProductDependency section */
		A5E0FB322AE3CF1A00A00B14 /* PinLayout */ = {
			isa = XCSwiftPackageProductDependency;
			package = A5E0FB312AE3CF1A00A00B14 /* XCRemoteSwiftPackageReference "PinLayout" */;
			productName = PinLayout;
		};
/* End XCSwiftPackageProductDependency section */
	};
	rootObject = A5E0FB092ADD841300A00B14 /* Project object */;
}
